{
    "_readme": [
        "This file locks the dependencies of your project to a known state",
        "Read more about it at https://getcomposer.org/doc/01-basic-usage.md#installing-dependencies",
        "This file is @generated automatically"
    ],
    "content-hash": "d01eae102e1b8b2a74966d263e08f4da",
    "packages": [
        {
            "name": "yizack/instagram-feed",
            "version": "v1.1.0",
            "source": {
                "type": "git",
                "url": "https://github.com/Yizack/instagram-feed.git",
                "reference": "443cf2c2fd0481f62ac59f3d167887994884dd21"
            },
            "dist": {
                "type": "zip",
                "url": "https://api.github.com/repos/Yizack/instagram-feed/zipball/443cf2c2fd0481f62ac59f3d167887994884dd21",
                "reference": "443cf2c2fd0481f62ac59f3d167887994884dd21",
                "shasum": ""
            },
            "require": {
                "php": ">=7.3"
            },
            "type": "library",
            "autoload": {
                "psr-4": {
                    "Yizack\\": "src/"
                }
            },
            "notification-url": "https://packagist.org/downloads/",
            "license": [
                "MIT"
            ],
            "authors": [
                {
                    "name": "Yizack Rangel",
                    "email": "yizackr@gmail.com"
                }
            ],
            "description": "PHP library to retrieve an Instagram profile feed, embed the feed of your authorized Instagram accounts on your website. The library uses the Instagram Basic Display API with auto-refreshing access token support",
            "keywords": [
                "feed",
                "instagram",
                "meta"
            ],
            "support": {
                "issues": "https://github.com/Yizack/instagram-feed/issues",
                "source": "https://github.com/Yizack/instagram-feed/tree/v1.1.0"
            },
            "time": "2023-08-23T23:54:21+00:00"
        }
    ],
    "packages-dev": [],
    "aliases": [],
    "minimum-stability": "stable",
    "stability-flags": [],
    "prefer-stable": false,
    "prefer-lowest": false,
    "platform": [],
    "platform-dev": [],
    "plugin-api-version": "2.6.0"
}
